
Microsoft Visual Studio Solution File, Format Version 12.00
# Visual Studio Version 17
VisualStudioVersion = 17.5.33414.496
MinimumVisualStudioVersion = 10.0.40219.1
Project("{FAE04EC0-301F-11D3-BF4B-00C04F79EFBC}") = "Bonusproject", "Bonusproject\Bonusproject.csproj", "{CF20A72C-E62B-4FC0-96CA-756431C424A7}"
EndProject
Global
	GlobalSection(SolutionConfigurationPlatforms) = preSolution
		Debug|Any CPU = Debug|Any CPU
		Release|Any CPU = Release|Any CPU
	EndGlobalSection
	GlobalSection(ProjectConfigurationPlatforms) = postSolution
		{CF20A72C-E62B-4FC0-96CA-756431C424A7}.Debug|Any CPU.ActiveCfg = Debug|Any CPU
		{CF20A72C-E62B-4FC0-96CA-756431C424A7}.Debug|Any CPU.Build.0 = Debug|Any CPU
		{CF20A72C-E62B-4FC0-96CA-756431C424A7}.Release|Any CPU.ActiveCfg = Release|Any CPU
		{CF20A72C-E62B-4FC0-96CA-756431C424A7}.Release|Any CPU.Build.0 = Release|Any CPU
	EndGlobalSection
	GlobalSection(SolutionProperties) = preSolution
		HideSolutionNode = FALSE
	EndGlobalSection
	GlobalSection(ExtensibilityGlobals) = postSolution
		SolutionGuid = {BE27BE00-3AFE-4407-9856-CCC44F5C708A}
	EndGlobalSection
EndGlobal
